
Microsoft Visual Studio Solution File, Format Version 12.00
# Visual Studio Version 17
VisualStudioVersion = 17.3.32922.545
MinimumVisualStudioVersion = 10.0.40219.1
Project("{9A19103F-16F7-4668-BE54-9A1E7A4F7556}") = "dam-battleship", "dam-battleship.csproj", "{B3E506DF-D2E3-41F4-9F87-C7E8DF5F3C1F}"
EndProject
Global
	GlobalSection(SolutionConfigurationPlatforms) = preSolution
		Debug|Any CPU = Debug|Any CPU
		Release|Any CPU = Release|Any CPU
	EndGlobalSection
	GlobalSection(ProjectConfigurationPlatforms) = postSolution
		{B3E506DF-D2E3-41F4-9F87-C7E8DF5F3C1F}.Debug|Any CPU.ActiveCfg = Debug|Any CPU
		{B3E506DF-D2E3-41F4-9F87-C7E8DF5F3C1F}.Debug|Any CPU.Build.0 = Debug|Any CPU
		{B3E506DF-D2E3-41F4-9F87-C7E8DF5F3C1F}.Release|Any CPU.ActiveCfg = Release|Any CPU
		{B3E506DF-D2E3-41F4-9F87-C7E8DF5F3C1F}.Release|Any CPU.Build.0 = Release|Any CPU
	EndGlobalSection
	GlobalSection(SolutionProperties) = preSolution
		HideSolutionNode = FALSE
	EndGlobalSection
	GlobalSection(ExtensibilityGlobals) = postSolution
		SolutionGuid = {62E8B8D3-8797-4C73-BB1A-FC6B95B85CA5}
	EndGlobalSection
EndGlobal
